
Microsoft Visual Studio Solution File, Format Version 12.00
# Visual Studio 14
VisualStudioVersion = 14.0.23107.0
MinimumVisualStudioVersion = 10.0.40219.1
Project("{FAE04EC0-301F-11D3-BF4B-00C04F79EFBC}") = "Coded.DataAccess", "Coded.DataAccess\Coded.DataAccess.csproj", "{A7014370-169A-46C4-8CCD-60D0AA3D094D}"
EndProject
Project("{FAE04EC0-301F-11D3-BF4B-00C04F79EFBC}") = "Coded.Presentation", "Coded.Presentation\Coded.Presentation.csproj", "{A02313F6-E2B9-4808-83A0-DA613A4D87BF}"
EndProject
Project("{FAE04EC0-301F-11D3-BF4B-00C04F79EFBC}") = "Coded.Parking.App", "Coded.Presentation\Coded.Parking.App\Coded.Parking.App.csproj", "{A77ADBF4-FF0E-4E2A-9E0F-E4A06D326D92}"
EndProject
Global
	GlobalSection(SolutionConfigurationPlatforms) = preSolution
		Debug|Any CPU = Debug|Any CPU
		Release|Any CPU = Release|Any CPU
	EndGlobalSection
	GlobalSection(ProjectConfigurationPlatforms) = postSolution
		{A7014370-169A-46C4-8CCD-60D0AA3D094D}.Debug|Any CPU.ActiveCfg = Debug|Any CPU
		{A7014370-169A-46C4-8CCD-60D0AA3D094D}.Debug|Any CPU.Build.0 = Debug|Any CPU
		{A7014370-169A-46C4-8CCD-60D0AA3D094D}.Release|Any CPU.ActiveCfg = Release|Any CPU
		{A7014370-169A-46C4-8CCD-60D0AA3D094D}.Release|Any CPU.Build.0 = Release|Any CPU
		{A02313F6-E2B9-4808-83A0-DA613A4D87BF}.Debug|Any CPU.ActiveCfg = Debug|Any CPU
		{A02313F6-E2B9-4808-83A0-DA613A4D87BF}.Debug|Any CPU.Build.0 = Debug|Any CPU
		{A02313F6-E2B9-4808-83A0-DA613A4D87BF}.Release|Any CPU.ActiveCfg = Release|Any CPU
		{A02313F6-E2B9-4808-83A0-DA613A4D87BF}.Release|Any CPU.Build.0 = Release|Any CPU
		{A77ADBF4-FF0E-4E2A-9E0F-E4A06D326D92}.Debug|Any CPU.ActiveCfg = Debug|Any CPU
		{A77ADBF4-FF0E-4E2A-9E0F-E4A06D326D92}.Debug|Any CPU.Build.0 = Debug|Any CPU
		{A77ADBF4-FF0E-4E2A-9E0F-E4A06D326D92}.Release|Any CPU.ActiveCfg = Release|Any CPU
		{A77ADBF4-FF0E-4E2A-9E0F-E4A06D326D92}.Release|Any CPU.Build.0 = Release|Any CPU
	EndGlobalSection
	GlobalSection(SolutionProperties) = preSolution
		HideSolutionNode = FALSE
	EndGlobalSection
EndGlobal
